
Microsoft Visual Studio Solution File, Format Version 12.00
# Visual Studio Version 17
VisualStudioVersion = 17.8.34525.116
MinimumVisualStudioVersion = 10.0.40219.1
Project("{8BC9CEB8-8B4A-11D0-8D11-00A0C91BC942}") = "lab8", "lab8\lab8.vcxproj", "{7B46F80A-6ED2-4B68-8061-6198505CC164}"
EndProject
Global
	GlobalSection(SolutionConfigurationPlatforms) = preSolution
		Debug|x64 = Debug|x64
		Debug|x86 = Debug|x86
		Release|x64 = Release|x64
		Release|x86 = Release|x86
	EndGlobalSection
	GlobalSection(ProjectConfigurationPlatforms) = postSolution
		{7B46F80A-6ED2-4B68-8061-6198505CC164}.Debug|x64.ActiveCfg = Debug|x64
		{7B46F80A-6ED2-4B68-8061-6198505CC164}.Debug|x64.Build.0 = Debug|x64
		{7B46F80A-6ED2-4B68-8061-6198505CC164}.Debug|x86.ActiveCfg = Debug|Win32
		{7B46F80A-6ED2-4B68-8061-6198505CC164}.Debug|x86.Build.0 = Debug|Win32
		{7B46F80A-6ED2-4B68-8061-6198505CC164}.Release|x64.ActiveCfg = Release|x64
		{7B46F80A-6ED2-4B68-8061-6198505CC164}.Release|x64.Build.0 = Release|x64
		{7B46F80A-6ED2-4B68-8061-6198505CC164}.Release|x86.ActiveCfg = Release|Win32
		{7B46F80A-6ED2-4B68-8061-6198505CC164}.Release|x86.Build.0 = Release|Win32
	EndGlobalSection
	GlobalSection(SolutionProperties) = preSolution
		HideSolutionNode = FALSE
	EndGlobalSection
	GlobalSection(ExtensibilityGlobals) = postSolution
		SolutionGuid = {90D389CD-910C-4016-83AE-49F9F5EC1BC3}
	EndGlobalSection
EndGlobal
