
Microsoft Visual Studio Solution File, Format Version 12.00
# Visual Studio Version 17
VisualStudioVersion = 17.8.34525.116
MinimumVisualStudioVersion = 10.0.40219.1
Project("{FAE04EC0-301F-11D3-BF4B-00C04F79EFBC}") = "lab6", "lab6\lab6.csproj", "{F5936BF7-1346-4A18-90C5-4BAA1ADAC7CE}"
EndProject
Global
	GlobalSection(SolutionConfigurationPlatforms) = preSolution
		Debug|Any CPU = Debug|Any CPU
		Release|Any CPU = Release|Any CPU
	EndGlobalSection
	GlobalSection(ProjectConfigurationPlatforms) = postSolution
		{F5936BF7-1346-4A18-90C5-4BAA1ADAC7CE}.Debug|Any CPU.ActiveCfg = Debug|Any CPU
		{F5936BF7-1346-4A18-90C5-4BAA1ADAC7CE}.Debug|Any CPU.Build.0 = Debug|Any CPU
		{F5936BF7-1346-4A18-90C5-4BAA1ADAC7CE}.Release|Any CPU.ActiveCfg = Release|Any CPU
		{F5936BF7-1346-4A18-90C5-4BAA1ADAC7CE}.Release|Any CPU.Build.0 = Release|Any CPU
	EndGlobalSection
	GlobalSection(SolutionProperties) = preSolution
		HideSolutionNode = FALSE
	EndGlobalSection
	GlobalSection(ExtensibilityGlobals) = postSolution
		SolutionGuid = {E6F17B4A-C2EE-4C8F-81F2-11B4FC458C67}
	EndGlobalSection
EndGlobal
